
Microsoft Visual Studio Solution File, Format Version 12.00
# Visual Studio Version 17
VisualStudioVersion = 17.5.33530.505
MinimumVisualStudioVersion = 10.0.40219.1
Project("{FAE04EC0-301F-11D3-BF4B-00C04F79EFBC}") = "CarsApi", "CarsApi\CarsApi.csproj", "{D3411B86-7E5D-4AE0-A791-D1AC5DE2B83A}"
EndProject
Global
	GlobalSection(SolutionConfigurationPlatforms) = preSolution
		Debug|Any CPU = Debug|Any CPU
		Release|Any CPU = Release|Any CPU
	EndGlobalSection
	GlobalSection(ProjectConfigurationPlatforms) = postSolution
		{D3411B86-7E5D-4AE0-A791-D1AC5DE2B83A}.Debug|Any CPU.ActiveCfg = Debug|Any CPU
		{D3411B86-7E5D-4AE0-A791-D1AC5DE2B83A}.Debug|Any CPU.Build.0 = Debug|Any CPU
		{D3411B86-7E5D-4AE0-A791-D1AC5DE2B83A}.Release|Any CPU.ActiveCfg = Release|Any CPU
		{D3411B86-7E5D-4AE0-A791-D1AC5DE2B83A}.Release|Any CPU.Build.0 = Release|Any CPU
	EndGlobalSection
	GlobalSection(SolutionProperties) = preSolution
		HideSolutionNode = FALSE
	EndGlobalSection
	GlobalSection(ExtensibilityGlobals) = postSolution
		SolutionGuid = {26AC735E-3924-4733-A44F-2E2FBFA58F70}
	EndGlobalSection
EndGlobal
